Microsoft Visual Studio Solution File, Format Version 11.00
# Visual Studio 2008

Project("{4306F544-4483-0C52-C242-003500E63B3A}") = "HackathonHolo", "Assembly-CSharp.csproj", "{F2EF1B29-011A-58CD-935E-F78F09799B63}"
EndProject
Project("{4306F544-4483-0C52-C242-003500E63B3A}") = "HackathonHolo", "Assembly-CSharp-Editor.csproj", "{7C5F82E6-788D-4037-70C3-25E3B51C738B}"
EndProject
Global
	GlobalSection(SolutionConfigurationPlatforms) = preSolution
		Debug|Any CPU = Debug|Any CPU
		Release|Any CPU = Release|Any CPU
	EndGlobalSection
	GlobalSection(ProjectConfigurationPlatforms) = postSolution
		{F2EF1B29-011A-58CD-935E-F78F09799B63}.Debug|Any CPU.ActiveCfg = Debug|Any CPU
		{F2EF1B29-011A-58CD-935E-F78F09799B63}.Debug|Any CPU.Build.0 = Debug|Any CPU
		{F2EF1B29-011A-58CD-935E-F78F09799B63}.Release|Any CPU.ActiveCfg = Release|Any CPU
		{F2EF1B29-011A-58CD-935E-F78F09799B63}.Release|Any CPU.Build.0 = Release|Any CPU
		{7C5F82E6-788D-4037-70C3-25E3B51C738B}.Debug|Any CPU.ActiveCfg = Debug|Any CPU
		{7C5F82E6-788D-4037-70C3-25E3B51C738B}.Debug|Any CPU.Build.0 = Debug|Any CPU
		{7C5F82E6-788D-4037-70C3-25E3B51C738B}.Release|Any CPU.ActiveCfg = Release|Any CPU
		{7C5F82E6-788D-4037-70C3-25E3B51C738B}.Release|Any CPU.Build.0 = Release|Any CPU
	EndGlobalSection
	GlobalSection(SolutionProperties) = preSolution
		HideSolutionNode = FALSE
	EndGlobalSection
	GlobalSection(MonoDevelopProperties) = preSolution
		StartupItem = Assembly-CSharp.csproj
	EndGlobalSection
EndGlobal
